PODS:
  - Alamofire (5.4.4)
  - AlamofireImage (4.2.0):
    - Alamofire (~> 5.4)
  - FMDB (2.7.5):
    - FMDB/standard (= 2.7.5)
  - FMDB/standard (2.7.5)
  - FontAwesome.swift (1.9.1)

DEPENDENCIES:
  - Alamofire (~> 5.4)
  - AlamofireImage (~> 4.1)
  - FMDB
  - FontAwesome.swift (~> 1.9.1)

SPEC REPOS:
  trunk:
    - Alamofire
    - AlamofireImage
    - FMDB
    - FontAwesome.swift

SPEC CHECKSUMS:
  Alamofire: f3b09a368f1582ab751b3fff5460276e0d2cf5c9
  AlamofireImage: 34a2d90b0e5fe6a5605f85ae4b7b01e784c60192
  FMDB: 2ce00b547f966261cd18927a3ddb07cb6f3db82a
  FontAwesome.swift: 6b52cb7be66eacd28cbfaa0ca7ffd0de4a186a1d

PODFILE CHECKSUM: 0150ef0e29abfe783b5eff559eb74e6a68b56373

COCOAPODS: 1.8.4
